
Microsoft Visual Studio Solution File, Format Version 12.00
# Visual Studio Version 16
VisualStudioVersion = 16.0.31613.86
MinimumVisualStudioVersion = 10.0.40219.1
Project("{FAE04EC0-301F-11D3-BF4B-00C04F79EFBC}") = "leudotodo.Common", "leudotodo.Common\leudotodo.Common.csproj", "{8926B242-EB70-417D-A34A-F84C0B14D25A}"
EndProject
Project("{FAE04EC0-301F-11D3-BF4B-00C04F79EFBC}") = "leudotodo.Functions", "leudotodo.Functions\leudotodo.Functions.csproj", "{73364669-8BF4-4A38-8FDF-52BDFCBE9DC3}"
EndProject
Project("{FAE04EC0-301F-11D3-BF4B-00C04F79EFBC}") = "leudotodo.Test", "leudotodo.Test\leudotodo.Test.csproj", "{2ED0A50C-DE40-4634-8B52-2D2DD238DB6D}"
EndProject
Global
	GlobalSection(SolutionConfigurationPlatforms) = preSolution
		Debug|Any CPU = Debug|Any CPU
		Release|Any CPU = Release|Any CPU
	EndGlobalSection
	GlobalSection(ProjectConfigurationPlatforms) = postSolution
		{8926B242-EB70-417D-A34A-F84C0B14D25A}.Debug|Any CPU.ActiveCfg = Debug|Any CPU
		{8926B242-EB70-417D-A34A-F84C0B14D25A}.Debug|Any CPU.Build.0 = Debug|Any CPU
		{8926B242-EB70-417D-A34A-F84C0B14D25A}.Release|Any CPU.ActiveCfg = Release|Any CPU
		{8926B242-EB70-417D-A34A-F84C0B14D25A}.Release|Any CPU.Build.0 = Release|Any CPU
		{73364669-8BF4-4A38-8FDF-52BDFCBE9DC3}.Debug|Any CPU.ActiveCfg = Debug|Any CPU
		{73364669-8BF4-4A38-8FDF-52BDFCBE9DC3}.Debug|Any CPU.Build.0 = Debug|Any CPU
		{73364669-8BF4-4A38-8FDF-52BDFCBE9DC3}.Release|Any CPU.ActiveCfg = Release|Any CPU
		{73364669-8BF4-4A38-8FDF-52BDFCBE9DC3}.Release|Any CPU.Build.0 = Release|Any CPU
		{2ED0A50C-DE40-4634-8B52-2D2DD238DB6D}.Debug|Any CPU.ActiveCfg = Debug|Any CPU
		{2ED0A50C-DE40-4634-8B52-2D2DD238DB6D}.Debug|Any CPU.Build.0 = Debug|Any CPU
		{2ED0A50C-DE40-4634-8B52-2D2DD238DB6D}.Release|Any CPU.ActiveCfg = Release|Any CPU
		{2ED0A50C-DE40-4634-8B52-2D2DD238DB6D}.Release|Any CPU.Build.0 = Release|Any CPU
	EndGlobalSection
	GlobalSection(SolutionProperties) = preSolution
		HideSolutionNode = FALSE
	EndGlobalSection
	GlobalSection(ExtensibilityGlobals) = postSolution
		SolutionGuid = {78FAA2DA-F7E4-4EDC-A9C3-1D2A4F87DAFD}
	EndGlobalSection
EndGlobal
